{
  "name": "lab_3",
  "version": "1.0.0",
  "lockfileVersion": 2,
  "requires": true,
  "packages": {
    "": {
      "name": "lab_3",
      "version": "1.0.0",
      "license": "ISC",
      "dependencies": {
        "n-gram": "^2.0.1"
      },
      "devDependencies": {}
    },
    "node_modules/n-gram": {
      "version": "2.0.1",
      "resolved": "https://registry.npmjs.org/n-gram/-/n-gram-2.0.1.tgz",
      "integrity": "sha512-ECtaRCOsPvqdTMI7SAFVaPaHv1ofhGqstphMFDWF3yrOaJcFsaCTpTREjYaPYpMC1nzJdewuiqvYXGM9W+Radw==",
      "funding": {
        "type": "github",
        "url": "https://github.com/sponsors/wooorm"
      }
    }
  },
  "dependencies": {
    "n-gram": {
      "version": "2.0.1",
      "resolved": "https://registry.npmjs.org/n-gram/-/n-gram-2.0.1.tgz",
      "integrity": "sha512-ECtaRCOsPvqdTMI7SAFVaPaHv1ofhGqstphMFDWF3yrOaJcFsaCTpTREjYaPYpMC1nzJdewuiqvYXGM9W+Radw=="
    }
  }
}
